
Microsoft Visual Studio Solution File, Format Version 12.00
# Visual Studio Version 16
VisualStudioVersion = 16.0.809.10
MinimumVisualStudioVersion = 10.0.40219.1
Project("{FAE04EC0-301F-11D3-BF4B-00C04F79EFBC}") = "backtrackingMaze", "backtrackingMaze\backtrackingMaze.csproj", "{E6E9F937-60F7-4E1C-BBE2-27F0B6B4FAFA}"
EndProject
Global
	GlobalSection(SolutionConfigurationPlatforms) = preSolution
		Debug|anycpu = Debug|anycpu
		Release|anycpu = Release|anycpu
	EndGlobalSection
	GlobalSection(ProjectConfigurationPlatforms) = postSolution
		{E6E9F937-60F7-4E1C-BBE2-27F0B6B4FAFA}.Debug|anycpu.ActiveCfg = Debug|anycpu
		{E6E9F937-60F7-4E1C-BBE2-27F0B6B4FAFA}.Debug|anycpu.Build.0 = Debug|anycpu
		{E6E9F937-60F7-4E1C-BBE2-27F0B6B4FAFA}.Release|anycpu.ActiveCfg = Release|anycpu
		{E6E9F937-60F7-4E1C-BBE2-27F0B6B4FAFA}.Release|anycpu.Build.0 = Release|anycpu
	EndGlobalSection
	GlobalSection(SolutionProperties) = preSolution
		HideSolutionNode = FALSE
	EndGlobalSection
	GlobalSection(ExtensibilityGlobals) = postSolution
		SolutionGuid = {2A44F11B-949C-4544-A7A9-B271A3CD6D96}
	EndGlobalSection
EndGlobal
